
Microsoft Visual Studio Solution File, Format Version 12.00
# Visual Studio Version 16
VisualStudioVersion = 16.0.32630.194
MinimumVisualStudioVersion = 10.0.40219.1
Project("{FAE04EC0-301F-11D3-BF4B-00C04F79EFBC}") = "lab1_2.2", "lab1_2.2\lab1_2.2.csproj", "{51B5DD3A-0FC6-4387-A8AF-17BFD9B648F4}"
EndProject
Global
	GlobalSection(SolutionConfigurationPlatforms) = preSolution
		Debug|Any CPU = Debug|Any CPU
		Release|Any CPU = Release|Any CPU
	EndGlobalSection
	GlobalSection(ProjectConfigurationPlatforms) = postSolution
		{51B5DD3A-0FC6-4387-A8AF-17BFD9B648F4}.Debug|Any CPU.ActiveCfg = Debug|Any CPU
		{51B5DD3A-0FC6-4387-A8AF-17BFD9B648F4}.Debug|Any CPU.Build.0 = Debug|Any CPU
		{51B5DD3A-0FC6-4387-A8AF-17BFD9B648F4}.Release|Any CPU.ActiveCfg = Release|Any CPU
		{51B5DD3A-0FC6-4387-A8AF-17BFD9B648F4}.Release|Any CPU.Build.0 = Release|Any CPU
	EndGlobalSection
	GlobalSection(SolutionProperties) = preSolution
		HideSolutionNode = FALSE
	EndGlobalSection
	GlobalSection(ExtensibilityGlobals) = postSolution
		SolutionGuid = {4D4022C3-199C-4B0A-93EC-08757F229929}
	EndGlobalSection
EndGlobal
