
Microsoft Visual Studio Solution File, Format Version 12.00
# Visual Studio Version 16
VisualStudioVersion = 16.0.32630.194
MinimumVisualStudioVersion = 10.0.40219.1
Project("{FAE04EC0-301F-11D3-BF4B-00C04F79EFBC}") = "hw2_3.24", "hw2_3.24\hw2_3.24.csproj", "{603AA431-D871-4AC0-AA1C-2E98D7AB5813}"
EndProject
Global
	GlobalSection(SolutionConfigurationPlatforms) = preSolution
		Debug|Any CPU = Debug|Any CPU
		Release|Any CPU = Release|Any CPU
	EndGlobalSection
	GlobalSection(ProjectConfigurationPlatforms) = postSolution
		{603AA431-D871-4AC0-AA1C-2E98D7AB5813}.Debug|Any CPU.ActiveCfg = Debug|Any CPU
		{603AA431-D871-4AC0-AA1C-2E98D7AB5813}.Debug|Any CPU.Build.0 = Debug|Any CPU
		{603AA431-D871-4AC0-AA1C-2E98D7AB5813}.Release|Any CPU.ActiveCfg = Release|Any CPU
		{603AA431-D871-4AC0-AA1C-2E98D7AB5813}.Release|Any CPU.Build.0 = Release|Any CPU
	EndGlobalSection
	GlobalSection(SolutionProperties) = preSolution
		HideSolutionNode = FALSE
	EndGlobalSection
	GlobalSection(ExtensibilityGlobals) = postSolution
		SolutionGuid = {6DE9C5BE-E74C-4AA2-8D86-0C45AE9F0B44}
	EndGlobalSection
EndGlobal
