
Microsoft Visual Studio Solution File, Format Version 12.00
# Visual Studio Version 16
VisualStudioVersion = 16.0.32630.194
MinimumVisualStudioVersion = 10.0.40219.1
Project("{FAE04EC0-301F-11D3-BF4B-00C04F79EFBC}") = "lab1_1.5", "lab1_1.5\lab1_1.5.csproj", "{F086AE9E-266A-4A8F-A56A-8957B8303FF5}"
EndProject
Global
	GlobalSection(SolutionConfigurationPlatforms) = preSolution
		Debug|Any CPU = Debug|Any CPU
		Release|Any CPU = Release|Any CPU
	EndGlobalSection
	GlobalSection(ProjectConfigurationPlatforms) = postSolution
		{F086AE9E-266A-4A8F-A56A-8957B8303FF5}.Debug|Any CPU.ActiveCfg = Debug|Any CPU
		{F086AE9E-266A-4A8F-A56A-8957B8303FF5}.Debug|Any CPU.Build.0 = Debug|Any CPU
		{F086AE9E-266A-4A8F-A56A-8957B8303FF5}.Release|Any CPU.ActiveCfg = Release|Any CPU
		{F086AE9E-266A-4A8F-A56A-8957B8303FF5}.Release|Any CPU.Build.0 = Release|Any CPU
	EndGlobalSection
	GlobalSection(SolutionProperties) = preSolution
		HideSolutionNode = FALSE
	EndGlobalSection
	GlobalSection(ExtensibilityGlobals) = postSolution
		SolutionGuid = {91C70BAA-6FDA-43A7-A843-2D251618F492}
	EndGlobalSection
EndGlobal
