
Microsoft Visual Studio Solution File, Format Version 12.00
# Visual Studio Version 16
VisualStudioVersion = 16.0.32630.194
MinimumVisualStudioVersion = 10.0.40219.1
Project("{FAE04EC0-301F-11D3-BF4B-00C04F79EFBC}") = "lab1_2.4", "lab1_2.4\lab1_2.4.csproj", "{BFB92EF1-69BB-4ED3-A3D0-3F621CB1FE99}"
EndProject
Global
	GlobalSection(SolutionConfigurationPlatforms) = preSolution
		Debug|Any CPU = Debug|Any CPU
		Release|Any CPU = Release|Any CPU
	EndGlobalSection
	GlobalSection(ProjectConfigurationPlatforms) = postSolution
		{BFB92EF1-69BB-4ED3-A3D0-3F621CB1FE99}.Debug|Any CPU.ActiveCfg = Debug|Any CPU
		{BFB92EF1-69BB-4ED3-A3D0-3F621CB1FE99}.Debug|Any CPU.Build.0 = Debug|Any CPU
		{BFB92EF1-69BB-4ED3-A3D0-3F621CB1FE99}.Release|Any CPU.ActiveCfg = Release|Any CPU
		{BFB92EF1-69BB-4ED3-A3D0-3F621CB1FE99}.Release|Any CPU.Build.0 = Release|Any CPU
	EndGlobalSection
	GlobalSection(SolutionProperties) = preSolution
		HideSolutionNode = FALSE
	EndGlobalSection
	GlobalSection(ExtensibilityGlobals) = postSolution
		SolutionGuid = {35BFC22C-0D7A-4E33-AA29-D4710F0E3430}
	EndGlobalSection
EndGlobal
